
Microsoft Visual Studio Solution File, Format Version 12.00
# Visual Studio Version 17
VisualStudioVersion = 17.2.32519.379
MinimumVisualStudioVersion = 10.0.40219.1
Project("{FAE04EC0-301F-11D3-BF4B-00C04F79EFBC}") = "Flyweight_Design_Pattern", "Flyweight_Design_Pattern\Flyweight_Design_Pattern.csproj", "{D4D55431-2EFE-4318-85A2-AA6DAE25DB93}"
EndProject
Global
	GlobalSection(SolutionConfigurationPlatforms) = preSolution
		Debug|Any CPU = Debug|Any CPU
		Release|Any CPU = Release|Any CPU
	EndGlobalSection
	GlobalSection(ProjectConfigurationPlatforms) = postSolution
		{D4D55431-2EFE-4318-85A2-AA6DAE25DB93}.Debug|Any CPU.ActiveCfg = Debug|Any CPU
		{D4D55431-2EFE-4318-85A2-AA6DAE25DB93}.Debug|Any CPU.Build.0 = Debug|Any CPU
		{D4D55431-2EFE-4318-85A2-AA6DAE25DB93}.Release|Any CPU.ActiveCfg = Release|Any CPU
		{D4D55431-2EFE-4318-85A2-AA6DAE25DB93}.Release|Any CPU.Build.0 = Release|Any CPU
	EndGlobalSection
	GlobalSection(SolutionProperties) = preSolution
		HideSolutionNode = FALSE
	EndGlobalSection
	GlobalSection(ExtensibilityGlobals) = postSolution
		SolutionGuid = {57D6FDB9-B171-4DA5-BADB-1D3D8C8B7E24}
	EndGlobalSection
EndGlobal
