
Microsoft Visual Studio Solution File, Format Version 12.00
# Visual Studio Version 16
VisualStudioVersion = 16.0.31729.503
MinimumVisualStudioVersion = 10.0.40219.1
Project("{FAE04EC0-301F-11D3-BF4B-00C04F79EFBC}") = "ConsoleApp1", "ConsoleApp1\ConsoleApp1.csproj", "{4AB48FD5-FF47-44CF-B6F0-20CD64956EE8}"
EndProject
Global
	GlobalSection(SolutionConfigurationPlatforms) = preSolution
		Debug|Any CPU = Debug|Any CPU
		Release|Any CPU = Release|Any CPU
	EndGlobalSection
	GlobalSection(ProjectConfigurationPlatforms) = postSolution
		{4AB48FD5-FF47-44CF-B6F0-20CD64956EE8}.Debug|Any CPU.ActiveCfg = Debug|Any CPU
		{4AB48FD5-FF47-44CF-B6F0-20CD64956EE8}.Debug|Any CPU.Build.0 = Debug|Any CPU
		{4AB48FD5-FF47-44CF-B6F0-20CD64956EE8}.Release|Any CPU.ActiveCfg = Release|Any CPU
		{4AB48FD5-FF47-44CF-B6F0-20CD64956EE8}.Release|Any CPU.Build.0 = Release|Any CPU
	EndGlobalSection
	GlobalSection(SolutionProperties) = preSolution
		HideSolutionNode = FALSE
	EndGlobalSection
	GlobalSection(ExtensibilityGlobals) = postSolution
		SolutionGuid = {54200924-3CAA-42C1-A1C3-B21439A1A08D}
	EndGlobalSection
EndGlobal
